
Microsoft Visual Studio Solution File, Format Version 12.00
# Visual Studio Version 17
VisualStudioVersion = 17.13.35931.197 d17.13
MinimumVisualStudioVersion = 10.0.40219.1
Project("{FAE04EC0-301F-11D3-BF4B-00C04F79EFBC}") = "Sort-Algorithm-Visualizer", "Sort-Algorithm-Visualizer\Sort-Algorithm-Visualizer.csproj", "{A6AFBE03-0BFD-4CF9-B528-952479D1D633}"
EndProject
Global
	GlobalSection(SolutionConfigurationPlatforms) = preSolution
		Debug|Any CPU = Debug|Any CPU
		Release|Any CPU = Release|Any CPU
	EndGlobalSection
	GlobalSection(ProjectConfigurationPlatforms) = postSolution
		{A6AFBE03-0BFD-4CF9-B528-952479D1D633}.Debug|Any CPU.ActiveCfg = Debug|Any CPU
		{A6AFBE03-0BFD-4CF9-B528-952479D1D633}.Debug|Any CPU.Build.0 = Debug|Any CPU
		{A6AFBE03-0BFD-4CF9-B528-952479D1D633}.Release|Any CPU.ActiveCfg = Release|Any CPU
		{A6AFBE03-0BFD-4CF9-B528-952479D1D633}.Release|Any CPU.Build.0 = Release|Any CPU
	EndGlobalSection
	GlobalSection(SolutionProperties) = preSolution
		HideSolutionNode = FALSE
	EndGlobalSection
	GlobalSection(ExtensibilityGlobals) = postSolution
		SolutionGuid = {7B3AD149-6798-4F93-9845-CC5869ED6626}
	EndGlobalSection
EndGlobal
